<?xml version="1.0" encoding="utf-8"?>
<Project ToolsVersion="4.0" xmlns="http://schemas.microsoft.com/developer/msbuild/2003">
  <ItemGroup>
    <Filter Include="Source Files">
      <UniqueIdentifier>{4FC737F1-C7A5-4376-A066-2A32D752A2FF}</UniqueIdentifier>
      <Extensions>cpp;c;cc;cxx;def;odl;idl;hpj;bat;asm;asmx</Extensions>
    </Filter>
  </ItemGroup>
  <ItemGroup>
    <ClInclude Include="Result.h">
      <Filter>Source Files</Filter>
    </ClInclude>
    <ClInclude Include="StringEx.h">
      <Filter>Source Files</Filter>
    </ClInclude>
    <ClInclude Include="dmalloc.h">
      <Filter>Source Files</Filter>
    </ClInclude>
    <ClInclude Include="assert.h">
      <Filter>Source Files</Filter>
    </ClInclude>
    <ClInclude Include="StrBuilder.h">
      <Filter>Source Files</Filter>
    </ClInclude>
    <ClInclude Include="targetver.h">
      <Filter>Source Files</Filter>
    </ClInclude>
    <ClInclude Include="dfa.h">
      <Filter>Source Files</Filter>
    </ClInclude>
    <ClInclude Include="FStream.h">
      <Filter>Source Files</Filter>
    </ClInclude>
    <ClInclude Include="MapStrToPtr.h">
      <Filter>Source Files</Filter>
    </ClInclude>
    <ClInclude Include="Scanner.h">
      <Filter>Source Files</Filter>
    </ClInclude>
    <ClInclude Include="stdafx.h">
      <Filter>Source Files</Filter>
    </ClInclude>
  </ItemGroup>
  <ItemGroup>
    <ClCompile Include="stdafx.cpp">
      <Filter>Source Files</Filter>
    </ClCompile>
    <ClCompile Include="ConsoleApplication1.cpp">
      <Filter>Source Files</Filter>
    </ClCompile>
    <ClCompile Include="FStream.cpp">
      <Filter>Source Files</Filter>
    </ClCompile>
    <ClCompile Include="Scanner.cpp">
      <Filter>Source Files</Filter>
    </ClCompile>
    <ClCompile Include="StringEx.cpp">
      <Filter>Source Files</Filter>
    </ClCompile>
    <ClCompile Include="dmallocA.cpp">
      <Filter>Source Files</Filter>
    </ClCompile>
    <ClCompile Include="StrBuilder.cpp">
      <Filter>Source Files</Filter>
    </ClCompile>
    <ClCompile Include="MapStrToPtr.cpp">
      <Filter>Source Files</Filter>
    </ClCompile>
    <ClCompile Include="dfa.cpp">
      <Filter>Source Files</Filter>
    </ClCompile>
  </ItemGroup>
  <ItemGroup>
    <Text Include="grammar0.txt">
      <Filter>Source Files</Filter>
    </Text>
    <Text Include="grammar.txt">
      <Filter>Source Files</Filter>
    </Text>
    <Text Include="test.txt">
      <Filter>Source Files</Filter>
    </Text>
  </ItemGroup>
</Project>